// !$*UTF8*$!
{
	archiveVersion = 1;
	classes = {
	};
	objectVersion = 48;
	objects = {

/* Begin PBXBuildFile section */
		4E3B779C203F0C9D007F86FB /* TVCListNotes.swift in Sources */ = {isa = PBXBuildFile; fileRef = 4E3B779B203F0C9D007F86FB /* TVCListNotes.swift */; };
		4E3B779E203F0E0D007F86FB /* VCListNotes.swift in Sources */ = {isa = PBXBuildFile; fileRef = 4E3B779D203F0E0D007F86FB /* VCListNotes.swift */; };
		4E5AA9D0203E653F005AAE0D /* AppDelegate.swift in Sources */ = {isa = PBXBuildFile; fileRef = 4E5AA9CF203E653F005AAE0D /* AppDelegate.swift */; };
		4E5AA9D2203E653F005AAE0D /* ViewController.swift in Sources */ = {isa = PBXBuildFile; fileRef = 4E5AA9D1203E653F005AAE0D /* ViewController.swift */; };
		4E5AA9D5203E653F005AAE0D /* Main.storyboard in Resources */ = {isa = PBXBuildFile; fileRef = 4E5AA9D3203E653F005AAE0D /* Main.storyboard */; };
		4E5AA9D8203E653F005AAE0D /* MyNotesApp.xcdatamodeld in Sources */ = {isa = PBXBuildFile; fileRef = 4E5AA9D6203E653F005AAE0D /* MyNotesApp.xcdatamodeld */; };
		4E5AA9DA203E653F005AAE0D /* Assets.xcassets in Resources */ = {isa = PBXBuildFile; fileRef = 4E5AA9D9203E653F005AAE0D /* Assets.xcassets */; };
		4E5AA9DD203E653F005AAE0D /* LaunchScreen.storyboard in Resources */ = {isa = PBXBuildFile; fileRef = 4E5AA9DB203E653F005AAE0D /* LaunchScreen.storyboard */; };
/* End PBXBuildFile section */

/* Begin PBXFileReference section */
		4E3B779B203F0C9D007F86FB /* TVCListNotes.swift */ = {isa = PBXFileReference; lastKnownFileType = sourcecode.swift; name = TVCListNotes.swift; path = ../TVCListNotes.swift; sourceTree = "<group>"; };
		4E3B779D203F0E0D007F86FB /* VCListNotes.swift */ = {isa = PBXFileReference; lastKnownFileType = sourcecode.swift; name = VCListNotes.swift; path = ../VCListNotes.swift; sourceTree = "<group>"; };
		4E5AA9CC203E653F005AAE0D /* MyNotesApp.app */ = {isa = PBXFileReference; explicitFileType = wrapper.application; includeInIndex = 0; path = MyNotesApp.app; sourceTree = BUILT_PRODUCTS_DIR; };
		4E5AA9CF203E653F005AAE0D /* AppDelegate.swift */ = {isa = PBXFileReference; lastKnownFileType = sourcecode.swift; path = AppDelegate.swift; sourceTree = "<group>"; };
		4E5AA9D1203E653F005AAE0D /* ViewController.swift */ = {isa = PBXFileReference; lastKnownFileType = sourcecode.swift; path = ViewController.swift; sourceTree = "<group>"; };
		4E5AA9D4203E653F005AAE0D /* Base */ = {isa = PBXFileReference; lastKnownFileType = file.storyboard; name = Base; path = Base.lproj/Main.storyboard; sourceTree = "<group>"; };
		4E5AA9D7203E653F005AAE0D /* MyNotesApp.xcdatamodel */ = {isa = PBXFileReference; lastKnownFileType = wrapper.xcdatamodel; path = MyNotesApp.xcdatamodel; sourceTree = "<group>"; };
		4E5AA9D9203E653F005AAE0D /* Assets.xcassets */ = {isa = PBXFileReference; lastKnownFileType = folder.assetcatalog; path = Assets.xcassets; sourceTree = "<group>"; };
		4E5AA9DC203E653F005AAE0D /* Base */ = {isa = PBXFileReference; lastKnownFileType = file.storyboard; name = Base; path = Base.lproj/LaunchScreen.storyboard; sourceTree = "<group>"; };
		4E5AA9DE203E653F005AAE0D /* Info.plist */ = {isa = PBXFileReference; lastKnownFileType = text.plist.xml; path = Info.plist; sourceTree = "<group>"; };
/* End PBXFileReference section */

/* Begin PBXFrameworksBuildPhase section */
		4E5AA9C9203E653F005AAE0D /* Frameworks */ = {
			isa = PBXFrameworksBuildPhase;
			buildActionMask = 2147483647;
			files = (
			);
			runOnlyForDeploymentPostprocessing = 0;
		};
/* End PBXFrameworksBuildPhase section */

/* Begin PBXGroup section */
		4E5AA9C3203E653F005AAE0D = {
			isa = PBXGroup;
			children = (
				4E5AA9CE203E653F005AAE0D /* MyNotesApp */,
				4E5AA9CD203E653F005AAE0D /* Products */,
			);
			sourceTree = "<group>";
		};
		4E5AA9CD203E653F005AAE0D /* Products */ = {
			isa = PBXGroup;
			children = (
				4E5AA9CC203E653F005AAE0D /* MyNotesApp.app */,
			);
			name = Products;
			sourceTree = "<group>";
		};
		4E5AA9CE203E653F005AAE0D /* MyNotesApp */ = {
			isa = PBXGroup;
			children = (
				4E5AA9CF203E653F005AAE0D /* AppDelegate.swift */,
				4E5AA9D1203E653F005AAE0D /* ViewController.swift */,
				4E5AA9D3203E653F005AAE0D /* Main.storyboard */,
				4E5AA9D9203E653F005AAE0D /* Assets.xcassets */,
				4E3B779D203F0E0D007F86FB /* VCListNotes.swift */,
				4E3B779B203F0C9D007F86FB /* TVCListNotes.swift */,
				4E5AA9DB203E653F005AAE0D /* LaunchScreen.storyboard */,
				4E5AA9DE203E653F005AAE0D /* Info.plist */,
				4E5AA9D6203E653F005AAE0D /* MyNotesApp.xcdatamodeld */,
			);
			path = MyNotesApp;
			sourceTree = "<group>";
		};
/* End PBXGroup section */

/* Begin PBXNativeTarget section */
		4E5AA9CB203E653F005AAE0D /* MyNotesApp */ = {
			isa = PBXNativeTarget;
			buildConfigurationList = 4E5AA9E1203E653F005AAE0D /* Build configuration list for PBXNativeTarget "MyNotesApp" */;
			buildPhases = (
				4E5AA9C8203E653F005AAE0D /* Sources */,
				4E5AA9C9203E653F005AAE0D /* Frameworks */,
				4E5AA9CA203E653F005AAE0D /* Resources */,
			);
			buildRules = (
			);
			dependencies = (
			);
			name = MyNotesApp;
			productName = MyNotesApp;
			productReference = 4E5AA9CC203E653F005AAE0D /* MyNotesApp.app */;
			productType = "com.apple.product-type.application";
		};
/* End PBXNativeTarget section */

/* Begin PBXProject section */
		4E5AA9C4203E653F005AAE0D /* Project object */ = {
			isa = PBXProject;
			attributes = {
				LastSwiftUpdateCheck = 0900;
				LastUpgradeCheck = 0900;
				ORGANIZATIONNAME = vigneswaran;
				TargetAttributes = {
					4E5AA9CB203E653F005AAE0D = {
						CreatedOnToolsVersion = 9.0;
						ProvisioningStyle = Automatic;
					};
				};
			};
			buildConfigurationList = 4E5AA9C7203E653F005AAE0D /* Build configuration list for PBXProject "MyNotesApp" */;
			compatibilityVersion = "Xcode 8.0";
			developmentRegion = en;
			hasScannedForEncodings = 0;
			knownRegions = (
				en,
				Base,
			);
			mainGroup = 4E5AA9C3203E653F005AAE0D;
			productRefGroup = 4E5AA9CD203E653F005AAE0D /* Products */;
			projectDirPath = "";
			projectRoot = "";
			targets = (
				4E5AA9CB203E653F005AAE0D /* MyNotesApp */,
			);
		};
/* End PBXProject section */

/* Begin PBXResourcesBuildPhase section */
		4E5AA9CA203E653F005AAE0D /* Resources */ = {
			isa = PBXResourcesBuildPhase;
			buildActionMask = 2147483647;
			files = (
				4E5AA9DD203E653F005AAE0D /* LaunchScreen.storyboard in Resources */,
				4E5AA9DA203E653F005AAE0D /* Assets.xcassets in Resources */,
				4E5AA9D5203E653F005AAE0D /* Main.storyboard in Resources */,
			);
			runOnlyForDeploymentPostprocessing = 0;
		};
/* End PBXResourcesBuildPhase section */

/* Begin PBXSourcesBuildPhase section */
		4E5AA9C8203E653F005AAE0D /* Sources */ = {
			isa = PBXSourcesBuildPhase;
			buildActionMask = 2147483647;
			files = (
				4E3B779E203F0E0D007F86FB /* VCListNotes.swift in Sources */,
				4E5AA9D2203E653F005AAE0D /* ViewController.swift in Sources */,
				4E5AA9D8203E653F005AAE0D /* MyNotesApp.xcdatamodeld in Sources */,
				4E3B779C203F0C9D007F86FB /* TVCListNotes.swift in Sources */,
				4E5AA9D0203E653F005AAE0D /* AppDelegate.swift in Sources */,
			);
			runOnlyForDeploymentPostprocessing = 0;
		};
/* End PBXSourcesBuildPhase section */

/* Begin PBXVariantGroup section */
		4E5AA9D3203E653F005AAE0D /* Main.storyboard */ = {
			isa = PBXVariantGroup;
			children = (
				4E5AA9D4203E653F005AAE0D /* Base */,
			);
			name = Main.storyboard;
			sourceTree = "<group>";
		};
		4E5AA9DB203E653F005AAE0D /* LaunchScreen.storyboard */ = {
			isa = PBXVariantGroup;
			children = (
				4E5AA9DC203E653F005AAE0D /* Base */,
			);
			name = LaunchScreen.storyboard;
			sourceTree = "<group>";
		};
/* End PBXVariantGroup section */

/* Begin XCBuildConfiguration section */
		4E5AA9DF203E653F005AAE0D /* Debug */ = {
			isa = XCBuildConfiguration;
			buildSettings = {
				ALWAYS_SEARCH_USER_PATHS = NO;
				CLANG_ANALYZER_NONNULL = YES;
				CLANG_ANALYZER_NUMBER_OBJECT_CONVERSION = YES_AGGRESSIVE;
				CLANG_CXX_LANGUAGE_STANDARD = "gnu++14";
				CLANG_CXX_LIBRARY = "libc++";
				CLANG_ENABLE_MODULES = YES;
				CLANG_ENABLE_OBJC_ARC = YES;
				CLANG_WARN_BLOCK_CAPTURE_AUTORELEASING = YES;
				CLANG_WARN_BOOL_CONVERSION = YES;
				CLANG_WARN_COMMA = YES;
				CLANG_WARN_CONSTANT_CONVERSION = YES;
				CLANG_WARN_DIRECT_OBJC_ISA_USAGE = YES_ERROR;
				CLANG_WARN_DOCUMENTATION_COMMENTS = YES;
				CLANG_WARN_EMPTY_BODY = YES;
				CLANG_WARN_ENUM_CONVERSION = YES;
				CLANG_WARN_INFINITE_RECURSION = YES;
				CLANG_WARN_INT_CONVERSION = YES;
				CLANG_WARN_NON_LITERAL_NULL_CONVERSION = YES;
				CLANG_WARN_OBJC_LITERAL_CONVERSION = YES;
				CLANG_WARN_OBJC_ROOT_CLASS = YES_ERROR;
				CLANG_WARN_RANGE_LOOP_ANALYSIS = YES;
				CLANG_WARN_STRICT_PROTOTYPES = YES;
				CLANG_WARN_SUSPICIOUS_MOVE = YES;
				CLANG_WARN_UNGUARDED_AVAILABILITY = YES_AGGRESSIVE;
				CLANG_WARN_UNREACHABLE_CODE = YES;
				CLANG_WARN__DUPLICATE_METHOD_MATCH = YES;
				CODE_SIGN_IDENTITY = "iPhone Developer";
				COPY_PHASE_STRIP = NO;
				DEBUG_INFORMATION_FORMAT = dwarf;
				ENABLE_STRICT_OBJC_MSGSEND = YES;
				ENABLE_TESTABILITY = YES;
				GCC_C_LANGUAGE_STANDARD = gnu11;
				GCC_DYNAMIC_NO_PIC = NO;
				GCC_NO_COMMON_BLOCKS = YES;
				GCC_OPTIMIZATION_LEVEL = 0;
				GCC_PREPROCESSOR_DEFINITIONS = (
					"DEBUG=1",
					"$(inherited)",
				);
				GCC_WARN_64_TO_32_BIT_CONVERSION = YES;
				GCC_WARN_ABOUT_RETURN_TYPE = YES_ERROR;
				GCC_WARN_UNDECLARED_SELECTOR = YES;
				GCC_WARN_UNINITIALIZED_AUTOS = YES_AGGRESSIVE;
				GCC_WARN_UNUSED_FUNCTION = YES;
				GCC_WARN_UNUSED_VARIABLE = YES;
				IPHONEOS_DEPLOYMENT_TARGET = 11.0;
				MTL_ENABLE_DEBUG_INFO = YES;
				ONLY_ACTIVE_ARCH = YES;
				SDKROOT = iphoneos;
				SWIFT_ACTIVE_COMPILATION_CONDITIONS = DEBUG;
				SWIFT_OPTIMIZATION_LEVEL = "-Onone";
			};
			name = Debug;
		};
		4E5AA9E0203E653F005AAE0D /* Release */ = {
			isa = XCBuildConfiguration;
			buildSettings = {
				ALWAYS_SEARCH_USER_PATHS = NO;
				CLANG_ANALYZER_NONNULL = YES;
				CLANG_ANALYZER_NUMBER_OBJECT_CONVERSION = YES_AGGRESSIVE;
				CLANG_CXX_LANGUAGE_STANDARD = "gnu++14";
				CLANG_CXX_LIBRARY = "libc++";
				CLANG_ENABLE_MODULES = YES;
				CLANG_ENABLE_OBJC_ARC = YES;
				CLANG_WARN_BLOCK_CAPTURE_AUTORELEASING = YES;
				CLANG_WARN_BOOL_CONVERSION = YES;
				CLANG_WARN_COMMA = YES;
				CLANG_WARN_CONSTANT_CONVERSION = YES;
				CLANG_WARN_DIRECT_OBJC_ISA_USAGE = YES_ERROR;
				CLANG_WARN_DOCUMENTATION_COMMENTS = YES;
				CLANG_WARN_EMPTY_BODY = YES;
				CLANG_WARN_ENUM_CONVERSION = YES;
				CLANG_WARN_INFINITE_RECURSION = YES;
				CLANG_WARN_INT_CONVERSION = YES;
				CLANG_WARN_NON_LITERAL_NULL_CONVERSION = YES;
				CLANG_WARN_OBJC_LITERAL_CONVERSION = YES;
				CLANG_WARN_OBJC_ROOT_CLASS = YES_ERROR;
				CLANG_WARN_RANGE_LOOP_ANALYSIS = YES;
				CLANG_WARN_STRICT_PROTOTYPES = YES;
				CLANG_WARN_SUSPICIOUS_MOVE = YES;
				CLANG_WARN_UNGUARDED_AVAILABILITY = YES_AGGRESSIVE;
				CLANG_WARN_UNREACHABLE_CODE = YES;
				CLANG_WARN__DUPLICATE_METHOD_MATCH = YES;
				CODE_SIGN_IDENTITY = "iPhone Developer";
				COPY_PHASE_STRIP = NO;
				DEBUG_INFORMATION_FORMAT = "dwarf-with-dsym";
				ENABLE_NS_ASSERTIONS = NO;
				ENABLE_STRICT_OBJC_MSGSEND = YES;
				GCC_C_LANGUAGE_STANDARD = gnu11;
				GCC_NO_COMMON_BLOCKS = YES;
				GCC_WARN_64_TO_32_BIT_CONVERSION = YES;
				GCC_WARN_ABOUT_RETURN_TYPE = YES_ERROR;
				GCC_WARN_UNDECLARED_SELECTOR = YES;
				GCC_WARN_UNINITIALIZED_AUTOS = YES_AGGRESSIVE;
				GCC_WARN_UNUSED_FUNCTION = YES;
				GCC_WARN_UNUSED_VARIABLE = YES;
				IPHONEOS_DEPLOYMENT_TARGET = 11.0;
				MTL_ENABLE_DEBUG_INFO = NO;
				SDKROOT = iphoneos;
				SWIFT_OPTIMIZATION_LEVEL = "-Owholemodule";
				VALIDATE_PRODUCT = YES;
			};
			name = Release;
		};
		4E5AA9E2203E653F005AAE0D /* Debug */ = {
			isa = XCBuildConfiguration;
			buildSettings = {
				ASSETCATALOG_COMPILER_APPICON_NAME = AppIcon;
				CODE_SIGN_STYLE = Automatic;
				DEVELOPMENT_TEAM = P4KSC9PDFH;
				INFOPLIST_FILE = MyNotesApp/Info.plist;
				LD_RUNPATH_SEARCH_PATHS = "$(inherited) @executable_path/Frameworks";
				PRODUCT_BUNDLE_IDENTIFIER = com.vikiJokerAN.net.MyNotesApp;
				PRODUCT_NAME = "$(TARGET_NAME)";
				SWIFT_VERSION = 4.0;
				TARGETED_DEVICE_FAMILY = "1,2";
			};
			name = Debug;
		};
		4E5AA9E3203E653F005AAE0D /* Release */ = {
			isa = XCBuildConfiguration;
			buildSettings = {
				ASSETCATALOG_COMPILER_APPICON_NAME = AppIcon;
				CODE_SIGN_STYLE = Automatic;
				DEVELOPMENT_TEAM = P4KSC9PDFH;
				INFOPLIST_FILE = MyNotesApp/Info.plist;
				LD_RUNPATH_SEARCH_PATHS = "$(inherited) @executable_path/Frameworks";
				PRODUCT_BUNDLE_IDENTIFIER = com.vikiJokerAN.net.MyNotesApp;
				PRODUCT_NAME = "$(TARGET_NAME)";
				SWIFT_VERSION = 4.0;
				TARGETED_DEVICE_FAMILY = "1,2";
			};
			name = Release;
		};
/* End XCBuildConfiguration section */

/* Begin XCConfigurationList section */
		4E5AA9C7203E653F005AAE0D /* Build configuration list for PBXProject "MyNotesApp" */ = {
			isa = XCConfigurationList;
			buildConfigurations = (
				4E5AA9DF203E653F005AAE0D /* Debug */,
				4E5AA9E0203E653F005AAE0D /* Release */,
			);
			defaultConfigurationIsVisible = 0;
			defaultConfigurationName = Release;
		};
		4E5AA9E1203E653F005AAE0D /* Build configuration list for PBXNativeTarget "MyNotesApp" */ = {
			isa = XCConfigurationList;
			buildConfigurations = (
				4E5AA9E2203E653F005AAE0D /* Debug */,
				4E5AA9E3203E653F005AAE0D /* Release */,
			);
			defaultConfigurationIsVisible = 0;
			defaultConfigurationName = Release;
		};
/* End XCConfigurationList section */

/* Begin XCVersionGroup section */
		4E5AA9D6203E653F005AAE0D /* MyNotesApp.xcdatamodeld */ = {
			isa = XCVersionGroup;
			children = (
				4E5AA9D7203E653F005AAE0D /* MyNotesApp.xcdatamodel */,
			);
			currentVersion = 4E5AA9D7203E653F005AAE0D /* MyNotesApp.xcdatamodel */;
			path = MyNotesApp.xcdatamodeld;
			sourceTree = "<group>";
			versionGroupType = wrapper.xcdatamodel;
		};
/* End XCVersionGroup section */
	};
	rootObject = 4E5AA9C4203E653F005AAE0D /* Project object */;
}
